// !$*UTF8*$!
{
	archiveVersion = 1;
	classes = {
	};
	objectVersion = 50;
	objects = {

/* Begin PBXBuildFile section */
		8012447C26C4BBF300C9A5EE /* AppDelegate.swift in Sources */ = {isa = PBXBuildFile; fileRef = 8012447B26C4BBF300C9A5EE /* AppDelegate.swift */; };
		8012447E26C4BBF300C9A5EE /* SceneDelegate.swift in Sources */ = {isa = PBXBuildFile; fileRef = 8012447D26C4BBF300C9A5EE /* SceneDelegate.swift */; };
		8012448526C4BBF500C9A5EE /* Assets.xcassets in Resources */ = {isa = PBXBuildFile; fileRef = 8012448426C4BBF500C9A5EE /* Assets.xcassets */; };
		8012448826C4BBF500C9A5EE /* LaunchScreen.storyboard in Resources */ = {isa = PBXBuildFile; fileRef = 8012448626C4BBF500C9A5EE /* LaunchScreen.storyboard */; };
		809C176A26CB325B007D1029 /* Follower.swift in Sources */ = {isa = PBXBuildFile; fileRef = 809C176926CB325B007D1029 /* Follower.swift */; };
		809C176D26CB330B007D1029 /* User.swift in Sources */ = {isa = PBXBuildFile; fileRef = 809C176C26CB330B007D1029 /* User.swift */; };
		809C177126CB37A4007D1029 /* NetworkManager.swift in Sources */ = {isa = PBXBuildFile; fileRef = 809C177026CB37A4007D1029 /* NetworkManager.swift */; };
		809C177426CB4183007D1029 /* GitHubError.swift in Sources */ = {isa = PBXBuildFile; fileRef = 809C177326CB4183007D1029 /* GitHubError.swift */; };
		80D52B2926D7103D000EE824 /* UIHelper.swift in Sources */ = {isa = PBXBuildFile; fileRef = 80D52B2826D7103D000EE824 /* UIHelper.swift */; };
		80D6265726C82F18003A6771 /* SearchViewController.swift in Sources */ = {isa = PBXBuildFile; fileRef = 80D6265626C82F18003A6771 /* SearchViewController.swift */; };
		80D6265926C82F40003A6771 /* FavoriteListViewController.swift in Sources */ = {isa = PBXBuildFile; fileRef = 80D6265826C82F40003A6771 /* FavoriteListViewController.swift */; };
		80D6265B26C83CCA003A6771 /* LargeButton.swift in Sources */ = {isa = PBXBuildFile; fileRef = 80D6265A26C83CCA003A6771 /* LargeButton.swift */; };
		80D6265D26C9618E003A6771 /* LargeTextField.swift in Sources */ = {isa = PBXBuildFile; fileRef = 80D6265C26C9618E003A6771 /* LargeTextField.swift */; };
		80D6265F26C96DF6003A6771 /* FollowerListViewController.swift in Sources */ = {isa = PBXBuildFile; fileRef = 80D6265E26C96DF6003A6771 /* FollowerListViewController.swift */; };
		80D6266126C98E9A003A6771 /* TitleLabel.swift in Sources */ = {isa = PBXBuildFile; fileRef = 80D6266026C98E9A003A6771 /* TitleLabel.swift */; };
		80D6266326C990F3003A6771 /* BodyLabel.swift in Sources */ = {isa = PBXBuildFile; fileRef = 80D6266226C990F3003A6771 /* BodyLabel.swift */; };
		80D6266526C991C8003A6771 /* AlertViewController.swift in Sources */ = {isa = PBXBuildFile; fileRef = 80D6266426C991C8003A6771 /* AlertViewController.swift */; };
		80D6266726C99A41003A6771 /* UIViewController+Alert.swift in Sources */ = {isa = PBXBuildFile; fileRef = 80D6266626C99A41003A6771 /* UIViewController+Alert.swift */; };
		80DDF41826CC88A70057FB9B /* FollowerCollectionViewCell.swift in Sources */ = {isa = PBXBuildFile; fileRef = 80DDF41726CC88A70057FB9B /* FollowerCollectionViewCell.swift */; };
		80DDF41A26CC894D0057FB9B /* AvatarImageView.swift in Sources */ = {isa = PBXBuildFile; fileRef = 80DDF41926CC894D0057FB9B /* AvatarImageView.swift */; };
/* End PBXBuildFile section */

/* Begin PBXFileReference section */
		8012447826C4BBF300C9A5EE /* GHFollowers.app */ = {isa = PBXFileReference; explicitFileType = wrapper.application; includeInIndex = 0; path = GHFollowers.app; sourceTree = BUILT_PRODUCTS_DIR; };
		8012447B26C4BBF300C9A5EE /* AppDelegate.swift */ = {isa = PBXFileReference; lastKnownFileType = sourcecode.swift; path = AppDelegate.swift; sourceTree = "<group>"; };
		8012447D26C4BBF300C9A5EE /* SceneDelegate.swift */ = {isa = PBXFileReference; lastKnownFileType = sourcecode.swift; path = SceneDelegate.swift; sourceTree = "<group>"; };
		8012448426C4BBF500C9A5EE /* Assets.xcassets */ = {isa = PBXFileReference; lastKnownFileType = folder.assetcatalog; path = Assets.xcassets; sourceTree = "<group>"; };
		8012448726C4BBF500C9A5EE /* Base */ = {isa = PBXFileReference; lastKnownFileType = file.storyboard; name = Base; path = Base.lproj/LaunchScreen.storyboard; sourceTree = "<group>"; };
		8012448926C4BBF500C9A5EE /* Info.plist */ = {isa = PBXFileReference; lastKnownFileType = text.plist.xml; name = Info.plist; path = GHFollowers/Info.plist; sourceTree = "<group>"; };
		809C176926CB325B007D1029 /* Follower.swift */ = {isa = PBXFileReference; lastKnownFileType = sourcecode.swift; path = Follower.swift; sourceTree = "<group>"; };
		809C176C26CB330B007D1029 /* User.swift */ = {isa = PBXFileReference; lastKnownFileType = sourcecode.swift; path = User.swift; sourceTree = "<group>"; };
		809C177026CB37A4007D1029 /* NetworkManager.swift */ = {isa = PBXFileReference; lastKnownFileType = sourcecode.swift; path = NetworkManager.swift; sourceTree = "<group>"; };
		809C177326CB4183007D1029 /* GitHubError.swift */ = {isa = PBXFileReference; lastKnownFileType = sourcecode.swift; path = GitHubError.swift; sourceTree = "<group>"; };
		80D52B2826D7103D000EE824 /* UIHelper.swift */ = {isa = PBXFileReference; lastKnownFileType = sourcecode.swift; path = UIHelper.swift; sourceTree = "<group>"; };
		80D6265626C82F18003A6771 /* SearchViewController.swift */ = {isa = PBXFileReference; lastKnownFileType = sourcecode.swift; path = SearchViewController.swift; sourceTree = "<group>"; };
		80D6265826C82F40003A6771 /* FavoriteListViewController.swift */ = {isa = PBXFileReference; lastKnownFileType = sourcecode.swift; path = FavoriteListViewController.swift; sourceTree = "<group>"; };
		80D6265A26C83CCA003A6771 /* LargeButton.swift */ = {isa = PBXFileReference; lastKnownFileType = sourcecode.swift; path = LargeButton.swift; sourceTree = "<group>"; };
		80D6265C26C9618E003A6771 /* LargeTextField.swift */ = {isa = PBXFileReference; lastKnownFileType = sourcecode.swift; path = LargeTextField.swift; sourceTree = "<group>"; };
		80D6265E26C96DF6003A6771 /* FollowerListViewController.swift */ = {isa = PBXFileReference; lastKnownFileType = sourcecode.swift; path = FollowerListViewController.swift; sourceTree = "<group>"; };
		80D6266026C98E9A003A6771 /* TitleLabel.swift */ = {isa = PBXFileReference; lastKnownFileType = sourcecode.swift; path = TitleLabel.swift; sourceTree = "<group>"; };
		80D6266226C990F3003A6771 /* BodyLabel.swift */ = {isa = PBXFileReference; lastKnownFileType = sourcecode.swift; path = BodyLabel.swift; sourceTree = "<group>"; };
		80D6266426C991C8003A6771 /* AlertViewController.swift */ = {isa = PBXFileReference; lastKnownFileType = sourcecode.swift; path = AlertViewController.swift; sourceTree = "<group>"; };
		80D6266626C99A41003A6771 /* UIViewController+Alert.swift */ = {isa = PBXFileReference; lastKnownFileType = sourcecode.swift; path = "UIViewController+Alert.swift"; sourceTree = "<group>"; };
		80DDF41726CC88A70057FB9B /* FollowerCollectionViewCell.swift */ = {isa = PBXFileReference; lastKnownFileType = sourcecode.swift; path = FollowerCollectionViewCell.swift; sourceTree = "<group>"; };
		80DDF41926CC894D0057FB9B /* AvatarImageView.swift */ = {isa = PBXFileReference; lastKnownFileType = sourcecode.swift; path = AvatarImageView.swift; sourceTree = "<group>"; };
/* End PBXFileReference section */

/* Begin PBXFrameworksBuildPhase section */
		8012447526C4BBF300C9A5EE /* Frameworks */ = {
			isa = PBXFrameworksBuildPhase;
			buildActionMask = 2147483647;
			files = (
			);
			runOnlyForDeploymentPostprocessing = 0;
		};
/* End PBXFrameworksBuildPhase section */

/* Begin PBXGroup section */
		8012446F26C4BBF300C9A5EE = {
			isa = PBXGroup;
			children = (
				8012447A26C4BBF300C9A5EE /* GHFollowers */,
				8012448926C4BBF500C9A5EE /* Info.plist */,
				8012447926C4BBF300C9A5EE /* Products */,
			);
			sourceTree = "<group>";
		};
		8012447926C4BBF300C9A5EE /* Products */ = {
			isa = PBXGroup;
			children = (
				8012447826C4BBF300C9A5EE /* GHFollowers.app */,
			);
			name = Products;
			sourceTree = "<group>";
		};
		8012447A26C4BBF300C9A5EE /* GHFollowers */ = {
			isa = PBXGroup;
			children = (
				809C177226CB4172007D1029 /* Utilities */,
				80D6266C26C9AF35003A6771 /* Base */,
				80D6266A26C9AE9D003A6771 /* CustomViews */,
				80D6266B26C9AEE2003A6771 /* Extensions */,
				809C176F26CB3790007D1029 /* Managers */,
				809C176B26CB3262007D1029 /* Model */,
				80D6266926C9AE74003A6771 /* Screens */,
			);
			path = GHFollowers;
			sourceTree = "<group>";
		};
		809C176B26CB3262007D1029 /* Model */ = {
			isa = PBXGroup;
			children = (
				809C176926CB325B007D1029 /* Follower.swift */,
				809C176C26CB330B007D1029 /* User.swift */,
			);
			path = Model;
			sourceTree = "<group>";
		};
		809C176F26CB3790007D1029 /* Managers */ = {
			isa = PBXGroup;
			children = (
				809C177026CB37A4007D1029 /* NetworkManager.swift */,
			);
			path = Managers;
			sourceTree = "<group>";
		};
		809C177226CB4172007D1029 /* Utilities */ = {
			isa = PBXGroup;
			children = (
				809C177326CB4183007D1029 /* GitHubError.swift */,
				80D52B2826D7103D000EE824 /* UIHelper.swift */,
			);
			path = Utilities;
			sourceTree = "<group>";
		};
		80D6266926C9AE74003A6771 /* Screens */ = {
			isa = PBXGroup;
			children = (
				80D6266426C991C8003A6771 /* AlertViewController.swift */,
				80D6265826C82F40003A6771 /* FavoriteListViewController.swift */,
				80D6265E26C96DF6003A6771 /* FollowerListViewController.swift */,
				80D6265626C82F18003A6771 /* SearchViewController.swift */,
			);
			path = Screens;
			sourceTree = "<group>";
		};
		80D6266A26C9AE9D003A6771 /* CustomViews */ = {
			isa = PBXGroup;
			children = (
				80DDF41626CC88870057FB9B /* Cells */,
				80D6266226C990F3003A6771 /* BodyLabel.swift */,
				80D6265A26C83CCA003A6771 /* LargeButton.swift */,
				80D6265C26C9618E003A6771 /* LargeTextField.swift */,
				80D6266026C98E9A003A6771 /* TitleLabel.swift */,
				80DDF41926CC894D0057FB9B /* AvatarImageView.swift */,
			);
			path = CustomViews;
			sourceTree = "<group>";
		};
		80D6266B26C9AEE2003A6771 /* Extensions */ = {
			isa = PBXGroup;
			children = (
				80D6266626C99A41003A6771 /* UIViewController+Alert.swift */,
			);
			path = Extensions;
			sourceTree = "<group>";
		};
		80D6266C26C9AF35003A6771 /* Base */ = {
			isa = PBXGroup;
			children = (
				8012447B26C4BBF300C9A5EE /* AppDelegate.swift */,
				8012448426C4BBF500C9A5EE /* Assets.xcassets */,
				8012448626C4BBF500C9A5EE /* LaunchScreen.storyboard */,
				8012447D26C4BBF300C9A5EE /* SceneDelegate.swift */,
			);
			path = Base;
			sourceTree = "<group>";
		};
		80DDF41626CC88870057FB9B /* Cells */ = {
			isa = PBXGroup;
			children = (
				80DDF41726CC88A70057FB9B /* FollowerCollectionViewCell.swift */,
			);
			path = Cells;
			sourceTree = "<group>";
		};
/* End PBXGroup section */

/* Begin PBXNativeTarget section */
		8012447726C4BBF300C9A5EE /* GHFollowers */ = {
			isa = PBXNativeTarget;
			buildConfigurationList = 8012448C26C4BBF500C9A5EE /* Build configuration list for PBXNativeTarget "GHFollowers" */;
			buildPhases = (
				8012447426C4BBF300C9A5EE /* Sources */,
				8012447526C4BBF300C9A5EE /* Frameworks */,
				8012447626C4BBF300C9A5EE /* Resources */,
			);
			buildRules = (
			);
			dependencies = (
			);
			name = GHFollowers;
			productName = GHFollowers;
			productReference = 8012447826C4BBF300C9A5EE /* GHFollowers.app */;
			productType = "com.apple.product-type.application";
		};
/* End PBXNativeTarget section */

/* Begin PBXProject section */
		8012447026C4BBF300C9A5EE /* Project object */ = {
			isa = PBXProject;
			attributes = {
				LastSwiftUpdateCheck = 1250;
				LastUpgradeCheck = 1250;
				TargetAttributes = {
					8012447726C4BBF300C9A5EE = {
						CreatedOnToolsVersion = 12.5.1;
					};
				};
			};
			buildConfigurationList = 8012447326C4BBF300C9A5EE /* Build configuration list for PBXProject "GHFollowers" */;
			compatibilityVersion = "Xcode 9.3";
			developmentRegion = en;
			hasScannedForEncodings = 0;
			knownRegions = (
				en,
				Base,
			);
			mainGroup = 8012446F26C4BBF300C9A5EE;
			productRefGroup = 8012447926C4BBF300C9A5EE /* Products */;
			projectDirPath = "";
			projectRoot = "";
			targets = (
				8012447726C4BBF300C9A5EE /* GHFollowers */,
			);
		};
/* End PBXProject section */

/* Begin PBXResourcesBuildPhase section */
		8012447626C4BBF300C9A5EE /* Resources */ = {
			isa = PBXResourcesBuildPhase;
			buildActionMask = 2147483647;
			files = (
				8012448826C4BBF500C9A5EE /* LaunchScreen.storyboard in Resources */,
				8012448526C4BBF500C9A5EE /* Assets.xcassets in Resources */,
			);
			runOnlyForDeploymentPostprocessing = 0;
		};
/* End PBXResourcesBuildPhase section */

/* Begin PBXSourcesBuildPhase section */
		8012447426C4BBF300C9A5EE /* Sources */ = {
			isa = PBXSourcesBuildPhase;
			buildActionMask = 2147483647;
			files = (
				809C176D26CB330B007D1029 /* User.swift in Sources */,
				80D6265F26C96DF6003A6771 /* FollowerListViewController.swift in Sources */,
				80D6266326C990F3003A6771 /* BodyLabel.swift in Sources */,
				80D6266726C99A41003A6771 /* UIViewController+Alert.swift in Sources */,
				8012447C26C4BBF300C9A5EE /* AppDelegate.swift in Sources */,
				80D52B2926D7103D000EE824 /* UIHelper.swift in Sources */,
				80D6265726C82F18003A6771 /* SearchViewController.swift in Sources */,
				80D6265926C82F40003A6771 /* FavoriteListViewController.swift in Sources */,
				809C177426CB4183007D1029 /* GitHubError.swift in Sources */,
				80DDF41826CC88A70057FB9B /* FollowerCollectionViewCell.swift in Sources */,
				8012447E26C4BBF300C9A5EE /* SceneDelegate.swift in Sources */,
				809C176A26CB325B007D1029 /* Follower.swift in Sources */,
				80D6266526C991C8003A6771 /* AlertViewController.swift in Sources */,
				80DDF41A26CC894D0057FB9B /* AvatarImageView.swift in Sources */,
				809C177126CB37A4007D1029 /* NetworkManager.swift in Sources */,
				80D6266126C98E9A003A6771 /* TitleLabel.swift in Sources */,
				80D6265B26C83CCA003A6771 /* LargeButton.swift in Sources */,
				80D6265D26C9618E003A6771 /* LargeTextField.swift in Sources */,
			);
			runOnlyForDeploymentPostprocessing = 0;
		};
/* End PBXSourcesBuildPhase section */

/* Begin PBXVariantGroup section */
		8012448626C4BBF500C9A5EE /* LaunchScreen.storyboard */ = {
			isa = PBXVariantGroup;
			children = (
				8012448726C4BBF500C9A5EE /* Base */,
			);
			name = LaunchScreen.storyboard;
			sourceTree = "<group>";
		};
/* End PBXVariantGroup section */

/* Begin XCBuildConfiguration section */
		8012448A26C4BBF500C9A5EE /* Debug */ = {
			isa = XCBuildConfiguration;
			buildSettings = {
				ALWAYS_SEARCH_USER_PATHS = NO;
				CLANG_ANALYZER_NONNULL = YES;
				CLANG_ANALYZER_NUMBER_OBJECT_CONVERSION = YES_AGGRESSIVE;
				CLANG_CXX_LANGUAGE_STANDARD = "gnu++14";
				CLANG_CXX_LIBRARY = "libc++";
				CLANG_ENABLE_MODULES = YES;
				CLANG_ENABLE_OBJC_ARC = YES;
				CLANG_ENABLE_OBJC_WEAK = YES;
				CLANG_WARN_BLOCK_CAPTURE_AUTORELEASING = YES;
				CLANG_WARN_BOOL_CONVERSION = YES;
				CLANG_WARN_COMMA = YES;
				CLANG_WARN_CONSTANT_CONVERSION = YES;
				CLANG_WARN_DEPRECATED_OBJC_IMPLEMENTATIONS = YES;
				CLANG_WARN_DIRECT_OBJC_ISA_USAGE = YES_ERROR;
				CLANG_WARN_DOCUMENTATION_COMMENTS = YES;
				CLANG_WARN_EMPTY_BODY = YES;
				CLANG_WARN_ENUM_CONVERSION = YES;
				CLANG_WARN_INFINITE_RECURSION = YES;
				CLANG_WARN_INT_CONVERSION = YES;
				CLANG_WARN_NON_LITERAL_NULL_CONVERSION = YES;
				CLANG_WARN_OBJC_IMPLICIT_RETAIN_SELF = YES;
				CLANG_WARN_OBJC_LITERAL_CONVERSION = YES;
				CLANG_WARN_OBJC_ROOT_CLASS = YES_ERROR;
				CLANG_WARN_QUOTED_INCLUDE_IN_FRAMEWORK_HEADER = YES;
				CLANG_WARN_RANGE_LOOP_ANALYSIS = YES;
				CLANG_WARN_STRICT_PROTOTYPES = YES;
				CLANG_WARN_SUSPICIOUS_MOVE = YES;
				CLANG_WARN_UNGUARDED_AVAILABILITY = YES_AGGRESSIVE;
				CLANG_WARN_UNREACHABLE_CODE = YES;
				CLANG_WARN__DUPLICATE_METHOD_MATCH = YES;
				COPY_PHASE_STRIP = NO;
				DEBUG_INFORMATION_FORMAT = dwarf;
				ENABLE_STRICT_OBJC_MSGSEND = YES;
				ENABLE_TESTABILITY = YES;
				GCC_C_LANGUAGE_STANDARD = gnu11;
				GCC_DYNAMIC_NO_PIC = NO;
				GCC_NO_COMMON_BLOCKS = YES;
				GCC_OPTIMIZATION_LEVEL = 0;
				GCC_PREPROCESSOR_DEFINITIONS = (
					"DEBUG=1",
					"$(inherited)",
				);
				GCC_WARN_64_TO_32_BIT_CONVERSION = YES;
				GCC_WARN_ABOUT_RETURN_TYPE = YES_ERROR;
				GCC_WARN_UNDECLARED_SELECTOR = YES;
				GCC_WARN_UNINITIALIZED_AUTOS = YES_AGGRESSIVE;
				GCC_WARN_UNUSED_FUNCTION = YES;
				GCC_WARN_UNUSED_VARIABLE = YES;
				IPHONEOS_DEPLOYMENT_TARGET = 14.5;
				MTL_ENABLE_DEBUG_INFO = INCLUDE_SOURCE;
				MTL_FAST_MATH = YES;
				ONLY_ACTIVE_ARCH = YES;
				SDKROOT = iphoneos;
				SWIFT_ACTIVE_COMPILATION_CONDITIONS = DEBUG;
				SWIFT_OPTIMIZATION_LEVEL = "-Onone";
			};
			name = Debug;
		};
		8012448B26C4BBF500C9A5EE /* Release */ = {
			isa = XCBuildConfiguration;
			buildSettings = {
				ALWAYS_SEARCH_USER_PATHS = NO;
				CLANG_ANALYZER_NONNULL = YES;
				CLANG_ANALYZER_NUMBER_OBJECT_CONVERSION = YES_AGGRESSIVE;
				CLANG_CXX_LANGUAGE_STANDARD = "gnu++14";
				CLANG_CXX_LIBRARY = "libc++";
				CLANG_ENABLE_MODULES = YES;
				CLANG_ENABLE_OBJC_ARC = YES;
				CLANG_ENABLE_OBJC_WEAK = YES;
				CLANG_WARN_BLOCK_CAPTURE_AUTORELEASING = YES;
				CLANG_WARN_BOOL_CONVERSION = YES;
				CLANG_WARN_COMMA = YES;
				CLANG_WARN_CONSTANT_CONVERSION = YES;
				CLANG_WARN_DEPRECATED_OBJC_IMPLEMENTATIONS = YES;
				CLANG_WARN_DIRECT_OBJC_ISA_USAGE = YES_ERROR;
				CLANG_WARN_DOCUMENTATION_COMMENTS = YES;
				CLANG_WARN_EMPTY_BODY = YES;
				CLANG_WARN_ENUM_CONVERSION = YES;
				CLANG_WARN_INFINITE_RECURSION = YES;
				CLANG_WARN_INT_CONVERSION = YES;
				CLANG_WARN_NON_LITERAL_NULL_CONVERSION = YES;
				CLANG_WARN_OBJC_IMPLICIT_RETAIN_SELF = YES;
				CLANG_WARN_OBJC_LITERAL_CONVERSION = YES;
				CLANG_WARN_OBJC_ROOT_CLASS = YES_ERROR;
				CLANG_WARN_QUOTED_INCLUDE_IN_FRAMEWORK_HEADER = YES;
				CLANG_WARN_RANGE_LOOP_ANALYSIS = YES;
				CLANG_WARN_STRICT_PROTOTYPES = YES;
				CLANG_WARN_SUSPICIOUS_MOVE = YES;
				CLANG_WARN_UNGUARDED_AVAILABILITY = YES_AGGRESSIVE;
				CLANG_WARN_UNREACHABLE_CODE = YES;
				CLANG_WARN__DUPLICATE_METHOD_MATCH = YES;
				COPY_PHASE_STRIP = NO;
				DEBUG_INFORMATION_FORMAT = "dwarf-with-dsym";
				ENABLE_NS_ASSERTIONS = NO;
				ENABLE_STRICT_OBJC_MSGSEND = YES;
				GCC_C_LANGUAGE_STANDARD = gnu11;
				GCC_NO_COMMON_BLOCKS = YES;
				GCC_WARN_64_TO_32_BIT_CONVERSION = YES;
				GCC_WARN_ABOUT_RETURN_TYPE = YES_ERROR;
				GCC_WARN_UNDECLARED_SELECTOR = YES;
				GCC_WARN_UNINITIALIZED_AUTOS = YES_AGGRESSIVE;
				GCC_WARN_UNUSED_FUNCTION = YES;
				GCC_WARN_UNUSED_VARIABLE = YES;
				IPHONEOS_DEPLOYMENT_TARGET = 14.5;
				MTL_ENABLE_DEBUG_INFO = NO;
				MTL_FAST_MATH = YES;
				SDKROOT = iphoneos;
				SWIFT_COMPILATION_MODE = wholemodule;
				SWIFT_OPTIMIZATION_LEVEL = "-O";
				VALIDATE_PRODUCT = YES;
			};
			name = Release;
		};
		8012448D26C4BBF500C9A5EE /* Debug */ = {
			isa = XCBuildConfiguration;
			buildSettings = {
				ASSETCATALOG_COMPILER_APPICON_NAME = AppIcon;
				ASSETCATALOG_COMPILER_GLOBAL_ACCENT_COLOR_NAME = AccentColor;
				CODE_SIGN_STYLE = Automatic;
				DEVELOPMENT_TEAM = 638ARFAXDL;
				INFOPLIST_FILE = GHFollowers/Info.plist;
				LD_RUNPATH_SEARCH_PATHS = (
					"$(inherited)",
					"@executable_path/Frameworks",
				);
				PRODUCT_BUNDLE_IDENTIFIER = "Samantha-Cannillo.GHFollowers";
				PRODUCT_NAME = "$(TARGET_NAME)";
				SWIFT_VERSION = 5.0;
				TARGETED_DEVICE_FAMILY = 1;
			};
			name = Debug;
		};
		8012448E26C4BBF500C9A5EE /* Release */ = {
			isa = XCBuildConfiguration;
			buildSettings = {
				ASSETCATALOG_COMPILER_APPICON_NAME = AppIcon;
				ASSETCATALOG_COMPILER_GLOBAL_ACCENT_COLOR_NAME = AccentColor;
				CODE_SIGN_STYLE = Automatic;
				DEVELOPMENT_TEAM = 638ARFAXDL;
				INFOPLIST_FILE = GHFollowers/Info.plist;
				LD_RUNPATH_SEARCH_PATHS = (
					"$(inherited)",
					"@executable_path/Frameworks",
				);
				PRODUCT_BUNDLE_IDENTIFIER = "Samantha-Cannillo.GHFollowers";
				PRODUCT_NAME = "$(TARGET_NAME)";
				SWIFT_VERSION = 5.0;
				TARGETED_DEVICE_FAMILY = 1;
			};
			name = Release;
		};
/* End XCBuildConfiguration section */

/* Begin XCConfigurationList section */
		8012447326C4BBF300C9A5EE /* Build configuration list for PBXProject "GHFollowers" */ = {
			isa = XCConfigurationList;
			buildConfigurations = (
				8012448A26C4BBF500C9A5EE /* Debug */,
				8012448B26C4BBF500C9A5EE /* Release */,
			);
			defaultConfigurationIsVisible = 0;
			defaultConfigurationName = Release;
		};
		8012448C26C4BBF500C9A5EE /* Build configuration list for PBXNativeTarget "GHFollowers" */ = {
			isa = XCConfigurationList;
			buildConfigurations = (
				8012448D26C4BBF500C9A5EE /* Debug */,
				8012448E26C4BBF500C9A5EE /* Release */,
			);
			defaultConfigurationIsVisible = 0;
			defaultConfigurationName = Release;
		};
/* End XCConfigurationList section */
	};
	rootObject = 8012447026C4BBF300C9A5EE /* Project object */;
}
